
Microsoft Visual Studio Solution File, Format Version 12.00
# Visual Studio Version 16
VisualStudioVersion = 16.0.29411.108
MinimumVisualStudioVersion = 10.0.40219.1
Project("{FAE04EC0-301F-11D3-BF4B-00C04F79EFBC}") = "DrawingShapesWithOOFirstPrinciples", "..\DrawingShapesWithOOFirstPrinciples\DrawingShapesWithOOFirstPrinciples\DrawingShapesWithOOFirstPrinciples.csproj", "{E049FBD1-B1BC-4770-A568-E54B2B14AC96}"
EndProject
Global
	GlobalSection(SolutionConfigurationPlatforms) = preSolution
		Debug|Any CPU = Debug|Any CPU
		Release|Any CPU = Release|Any CPU
	EndGlobalSection
	GlobalSection(ProjectConfigurationPlatforms) = postSolution
		{E049FBD1-B1BC-4770-A568-E54B2B14AC96}.Debug|Any CPU.ActiveCfg = Debug|Any CPU
		{E049FBD1-B1BC-4770-A568-E54B2B14AC96}.Debug|Any CPU.Build.0 = Debug|Any CPU
		{E049FBD1-B1BC-4770-A568-E54B2B14AC96}.Release|Any CPU.ActiveCfg = Release|Any CPU
		{E049FBD1-B1BC-4770-A568-E54B2B14AC96}.Release|Any CPU.Build.0 = Release|Any CPU
	EndGlobalSection
	GlobalSection(SolutionProperties) = preSolution
		HideSolutionNode = FALSE
	EndGlobalSection
	GlobalSection(ExtensibilityGlobals) = postSolution
		SolutionGuid = {CC528C51-AC9A-42B2-A52D-E25EF91615D4}
	EndGlobalSection
EndGlobal
